
Microsoft Visual Studio Solution File, Format Version 12.00
# Visual Studio Version 17
VisualStudioVersion = 17.4.33103.184
MinimumVisualStudioVersion = 10.0.40219.1
Project("{FAE04EC0-301F-11D3-BF4B-00C04F79EFBC}") = "english words", "english words.csproj", "{8EB44DDF-01F5-474B-84DC-9A994238E35C}"
EndProject
Global
	GlobalSection(SolutionConfigurationPlatforms) = preSolution
		Debug|Any CPU = Debug|Any CPU
		Release|Any CPU = Release|Any CPU
	EndGlobalSection
	GlobalSection(ProjectConfigurationPlatforms) = postSolution
		{8EB44DDF-01F5-474B-84DC-9A994238E35C}.Debug|Any CPU.ActiveCfg = Debug|Any CPU
		{8EB44DDF-01F5-474B-84DC-9A994238E35C}.Debug|Any CPU.Build.0 = Debug|Any CPU
		{8EB44DDF-01F5-474B-84DC-9A994238E35C}.Release|Any CPU.ActiveCfg = Release|Any CPU
		{8EB44DDF-01F5-474B-84DC-9A994238E35C}.Release|Any CPU.Build.0 = Release|Any CPU
	EndGlobalSection
	GlobalSection(SolutionProperties) = preSolution
		HideSolutionNode = FALSE
	EndGlobalSection
	GlobalSection(ExtensibilityGlobals) = postSolution
		SolutionGuid = {69ECD487-6B13-4298-A882-C5D92EB2B24B}
	EndGlobalSection
EndGlobal
